
Microsoft Visual Studio Solution File, Format Version 12.00
# Visual Studio Version 17
VisualStudioVersion = 17.11.35222.181
MinimumVisualStudioVersion = 10.0.40219.1
Project("{9A19103F-16F7-4668-BE54-9A1E7A4F7556}") = "CadastroBanco", "CadastroBanco\CadastroBanco.csproj", "{C95F4C12-EC6C-4A1A-A87E-C95F1D5E5B0C}"
EndProject
Project("{FAE04EC0-301F-11D3-BF4B-00C04F79EFBC}") = "ProjetoTeste", "ProjetoTeste\ProjetoTeste.csproj", "{2657C2CD-A827-42C6-94C2-36B3F6076725}"
EndProject
Global
	GlobalSection(SolutionConfigurationPlatforms) = preSolution
		Debug|Any CPU = Debug|Any CPU
		Release|Any CPU = Release|Any CPU
	EndGlobalSection
	GlobalSection(ProjectConfigurationPlatforms) = postSolution
		{C95F4C12-EC6C-4A1A-A87E-C95F1D5E5B0C}.Debug|Any CPU.ActiveCfg = Debug|Any CPU
		{C95F4C12-EC6C-4A1A-A87E-C95F1D5E5B0C}.Debug|Any CPU.Build.0 = Debug|Any CPU
		{C95F4C12-EC6C-4A1A-A87E-C95F1D5E5B0C}.Release|Any CPU.ActiveCfg = Release|Any CPU
		{C95F4C12-EC6C-4A1A-A87E-C95F1D5E5B0C}.Release|Any CPU.Build.0 = Release|Any CPU
		{2657C2CD-A827-42C6-94C2-36B3F6076725}.Debug|Any CPU.ActiveCfg = Debug|Any CPU
		{2657C2CD-A827-42C6-94C2-36B3F6076725}.Debug|Any CPU.Build.0 = Debug|Any CPU
		{2657C2CD-A827-42C6-94C2-36B3F6076725}.Release|Any CPU.ActiveCfg = Release|Any CPU
		{2657C2CD-A827-42C6-94C2-36B3F6076725}.Release|Any CPU.Build.0 = Release|Any CPU
	EndGlobalSection
	GlobalSection(SolutionProperties) = preSolution
		HideSolutionNode = FALSE
	EndGlobalSection
	GlobalSection(ExtensibilityGlobals) = postSolution
		SolutionGuid = {69BD145E-EDDB-4C59-A15C-49CF3269BABD}
	EndGlobalSection
EndGlobal
